// !$*UTF8*$!
{
	archiveVersion = 1;
	classes = {
	};
	objectVersion = 46;
	objects = {

/* Begin PBXBuildFile section */
		891CE7D91CB0BAA20010ED9C /* LoadingViewController.swift in Sources */ = {isa = PBXBuildFile; fileRef = 891CE7D81CB0BAA20010ED9C /* LoadingViewController.swift */; };
		89299E3C1CB05C7300DCDD3F /* AddWatchTableViewController.swift in Sources */ = {isa = PBXBuildFile; fileRef = 89299E3B1CB05C7300DCDD3F /* AddWatchTableViewController.swift */; };
		893146DD1CAF6BA1001A2B44 /* AlgorithmsTableViewController.swift in Sources */ = {isa = PBXBuildFile; fileRef = 893146DC1CAF6BA1001A2B44 /* AlgorithmsTableViewController.swift */; };
		893146DF1CAF6C11001A2B44 /* AlgorithmsNavigationController.swift in Sources */ = {isa = PBXBuildFile; fileRef = 893146DE1CAF6C11001A2B44 /* AlgorithmsNavigationController.swift */; };
		89829BE81CAF579A00BC28C1 /* AppDelegate.swift in Sources */ = {isa = PBXBuildFile; fileRef = 89829BE71CAF579A00BC28C1 /* AppDelegate.swift */; };
		89829BED1CAF579A00BC28C1 /* Main.storyboard in Resources */ = {isa = PBXBuildFile; fileRef = 89829BEB1CAF579A00BC28C1 /* Main.storyboard */; };
		89829BF01CAF579A00BC28C1 /* cornStock.xcdatamodeld in Sources */ = {isa = PBXBuildFile; fileRef = 89829BEE1CAF579A00BC28C1 /* cornStock.xcdatamodeld */; };
		89829BF21CAF579B00BC28C1 /* Assets.xcassets in Resources */ = {isa = PBXBuildFile; fileRef = 89829BF11CAF579B00BC28C1 /* Assets.xcassets */; };
		89829BF51CAF579B00BC28C1 /* LaunchScreen.storyboard in Resources */ = {isa = PBXBuildFile; fileRef = 89829BF31CAF579B00BC28C1 /* LaunchScreen.storyboard */; };
		89829C001CAF579B00BC28C1 /* cornStockTests.swift in Sources */ = {isa = PBXBuildFile; fileRef = 89829BFF1CAF579B00BC28C1 /* cornStockTests.swift */; };
		89829C0B1CAF579B00BC28C1 /* cornStockUITests.swift in Sources */ = {isa = PBXBuildFile; fileRef = 89829C0A1CAF579B00BC28C1 /* cornStockUITests.swift */; };
		898DA9AE1CAF8AE100C9D854 /* Parameter.swift in Sources */ = {isa = PBXBuildFile; fileRef = 898DA9AD1CAF8AE100C9D854 /* Parameter.swift */; };
		898DA9BF1CAF927500C9D854 /* BEMAverageLine.m in Sources */ = {isa = PBXBuildFile; fileRef = 898DA9B61CAF927500C9D854 /* BEMAverageLine.m */; };
		898DA9C01CAF927500C9D854 /* BEMCircle.m in Sources */ = {isa = PBXBuildFile; fileRef = 898DA9B81CAF927500C9D854 /* BEMCircle.m */; };
		898DA9C11CAF927500C9D854 /* BEMLine.m in Sources */ = {isa = PBXBuildFile; fileRef = 898DA9BA1CAF927500C9D854 /* BEMLine.m */; };
		898DA9C21CAF927500C9D854 /* BEMPermanentPopupView.m in Sources */ = {isa = PBXBuildFile; fileRef = 898DA9BC1CAF927500C9D854 /* BEMPermanentPopupView.m */; };
		898DA9C31CAF927500C9D854 /* BEMSimpleLineGraphView.m in Sources */ = {isa = PBXBuildFile; fileRef = 898DA9BE1CAF927500C9D854 /* BEMSimpleLineGraphView.m */; };
		898DA9C61CAF9CBB00C9D854 /* DataDownloader.swift in Sources */ = {isa = PBXBuildFile; fileRef = 898DA9C51CAF9CBB00C9D854 /* DataDownloader.swift */; };
		898DA9C81CAFA18700C9D854 /* Watch.swift in Sources */ = {isa = PBXBuildFile; fileRef = 898DA9C71CAFA18700C9D854 /* Watch.swift */; };
		898DA9CB1CAFA37200C9D854 /* WatchTableViewController.swift in Sources */ = {isa = PBXBuildFile; fileRef = 898DA9CA1CAFA37200C9D854 /* WatchTableViewController.swift */; };
		898DA9CD1CB0451C00C9D854 /* CustomViewController.swift in Sources */ = {isa = PBXBuildFile; fileRef = 898DA9CC1CB0451C00C9D854 /* CustomViewController.swift */; };
		89C7D5521CAF6E9400441057 /* Model.swift in Sources */ = {isa = PBXBuildFile; fileRef = 89C7D5511CAF6E9400441057 /* Model.swift */; };
		89C7D5551CAF6F2600441057 /* Algorithm.swift in Sources */ = {isa = PBXBuildFile; fileRef = 89C7D5541CAF6F2600441057 /* Algorithm.swift */; };
		89C7D5571CAF70F700441057 /* Algorithm.storyboard in Resources */ = {isa = PBXBuildFile; fileRef = 89C7D5561CAF70F700441057 /* Algorithm.storyboard */; };
		89C7D55B1CAF727600441057 /* AlgorithmViewController.swift in Sources */ = {isa = PBXBuildFile; fileRef = 89C7D55A1CAF727600441057 /* AlgorithmViewController.swift */; };
		89C7D55D1CAF7CB100441057 /* Add.storyboard in Resources */ = {isa = PBXBuildFile; fileRef = 89C7D55C1CAF7CB100441057 /* Add.storyboard */; };
		89C7D55F1CAF7D7E00441057 /* AddViewController.swift in Sources */ = {isa = PBXBuildFile; fileRef = 89C7D55E1CAF7D7E00441057 /* AddViewController.swift */; };
		89EC06511CAF84C4000CD0E4 /* ParameterCell.swift in Sources */ = {isa = PBXBuildFile; fileRef = 89EC06501CAF84C4000CD0E4 /* ParameterCell.swift */; };
		89F6F0721CB08CE0001A284F /* SettingsViewController.swift in Sources */ = {isa = PBXBuildFile; fileRef = 89F6F0711CB08CE0001A284F /* SettingsViewController.swift */; };
/* End PBXBuildFile section */

/* Begin PBXContainerItemProxy section */
		89829BFC1CAF579B00BC28C1 /* PBXContainerItemProxy */ = {
			isa = PBXContainerItemProxy;
			containerPortal = 89829BDC1CAF579A00BC28C1 /* Project object */;
			proxyType = 1;
			remoteGlobalIDString = 89829BE31CAF579A00BC28C1;
			remoteInfo = cornStock;
		};
		89829C071CAF579B00BC28C1 /* PBXContainerItemProxy */ = {
			isa = PBXContainerItemProxy;
			containerPortal = 89829BDC1CAF579A00BC28C1 /* Project object */;
			proxyType = 1;
			remoteGlobalIDString = 89829BE31CAF579A00BC28C1;
			remoteInfo = cornStock;
		};
/* End PBXContainerItemProxy section */

/* Begin PBXFileReference section */
		891CE7D81CB0BAA20010ED9C /* LoadingViewController.swift */ = {isa = PBXFileReference; fileEncoding = 4; lastKnownFileType = sourcecode.swift; path = LoadingViewController.swift; sourceTree = "<group>"; };
		89299E3B1CB05C7300DCDD3F /* AddWatchTableViewController.swift */ = {isa = PBXFileReference; fileEncoding = 4; lastKnownFileType = sourcecode.swift; name = AddWatchTableViewController.swift; path = ../AddWatchTableViewController.swift; sourceTree = "<group>"; };
		893146DC1CAF6BA1001A2B44 /* AlgorithmsTableViewController.swift */ = {isa = PBXFileReference; fileEncoding = 4; lastKnownFileType = sourcecode.swift; path = AlgorithmsTableViewController.swift; sourceTree = "<group>"; };
		893146DE1CAF6C11001A2B44 /* AlgorithmsNavigationController.swift */ = {isa = PBXFileReference; fileEncoding = 4; lastKnownFileType = sourcecode.swift; path = AlgorithmsNavigationController.swift; sourceTree = "<group>"; };
		893DFBE11CF1806A00FA1398 /* stockTalk.entitlements */ = {isa = PBXFileReference; lastKnownFileType = text.xml; path = stockTalk.entitlements; sourceTree = SOURCE_ROOT; };
		89829BE41CAF579A00BC28C1 /* stockTalk.app */ = {isa = PBXFileReference; explicitFileType = wrapper.application; includeInIndex = 0; path = stockTalk.app; sourceTree = BUILT_PRODUCTS_DIR; };
		89829BE71CAF579A00BC28C1 /* AppDelegate.swift */ = {isa = PBXFileReference; lastKnownFileType = sourcecode.swift; path = AppDelegate.swift; sourceTree = "<group>"; };
		89829BEC1CAF579A00BC28C1 /* Base */ = {isa = PBXFileReference; lastKnownFileType = file.storyboard; name = Base; path = Base.lproj/Main.storyboard; sourceTree = "<group>"; };
		89829BEF1CAF579A00BC28C1 /* cornStock.xcdatamodel */ = {isa = PBXFileReference; lastKnownFileType = wrapper.xcdatamodel; path = cornStock.xcdatamodel; sourceTree = "<group>"; };
		89829BF11CAF579B00BC28C1 /* Assets.xcassets */ = {isa = PBXFileReference; lastKnownFileType = folder.assetcatalog; path = Assets.xcassets; sourceTree = "<group>"; };
		89829BF41CAF579B00BC28C1 /* Base */ = {isa = PBXFileReference; lastKnownFileType = file.storyboard; name = Base; path = Base.lproj/LaunchScreen.storyboard; sourceTree = "<group>"; };
		89829BF61CAF579B00BC28C1 /* Info.plist */ = {isa = PBXFileReference; lastKnownFileType = text.plist.xml; path = Info.plist; sourceTree = "<group>"; };
		89829BFB1CAF579B00BC28C1 /* stockTalk.xctest */ = {isa = PBXFileReference; explicitFileType = wrapper.cfbundle; includeInIndex = 0; path = stockTalk.xctest; sourceTree = BUILT_PRODUCTS_DIR; };
		89829BFF1CAF579B00BC28C1 /* cornStockTests.swift */ = {isa = PBXFileReference; lastKnownFileType = sourcecode.swift; path = cornStockTests.swift; sourceTree = "<group>"; };
		89829C011CAF579B00BC28C1 /* Info.plist */ = {isa = PBXFileReference; lastKnownFileType = text.plist.xml; path = Info.plist; sourceTree = "<group>"; };
		89829C061CAF579B00BC28C1 /* stockTalk.xctest */ = {isa = PBXFileReference; explicitFileType = wrapper.cfbundle; includeInIndex = 0; path = stockTalk.xctest; sourceTree = BUILT_PRODUCTS_DIR; };
		89829C0A1CAF579B00BC28C1 /* cornStockUITests.swift */ = {isa = PBXFileReference; lastKnownFileType = sourcecode.swift; path = cornStockUITests.swift; sourceTree = "<group>"; };
		89829C0C1CAF579B00BC28C1 /* Info.plist */ = {isa = PBXFileReference; lastKnownFileType = text.plist.xml; path = Info.plist; sourceTree = "<group>"; };
		898DA9AD1CAF8AE100C9D854 /* Parameter.swift */ = {isa = PBXFileReference; fileEncoding = 4; lastKnownFileType = sourcecode.swift; path = Parameter.swift; sourceTree = "<group>"; };
		898DA9B41CAF927400C9D854 /* stockTalk-Bridging-Header.h */ = {isa = PBXFileReference; lastKnownFileType = sourcecode.c.h; path = "stockTalk-Bridging-Header.h"; sourceTree = "<group>"; };
		898DA9B51CAF927500C9D854 /* BEMAverageLine.h */ = {isa = PBXFileReference; fileEncoding = 4; lastKnownFileType = sourcecode.c.h; path = BEMAverageLine.h; sourceTree = "<group>"; };
		898DA9B61CAF927500C9D854 /* BEMAverageLine.m */ = {isa = PBXFileReference; fileEncoding = 4; lastKnownFileType = sourcecode.c.objc; path = BEMAverageLine.m; sourceTree = "<group>"; };
		898DA9B71CAF927500C9D854 /* BEMCircle.h */ = {isa = PBXFileReference; fileEncoding = 4; lastKnownFileType = sourcecode.c.h; path = BEMCircle.h; sourceTree = "<group>"; };
		898DA9B81CAF927500C9D854 /* BEMCircle.m */ = {isa = PBXFileReference; fileEncoding = 4; lastKnownFileType = sourcecode.c.objc; path = BEMCircle.m; sourceTree = "<group>"; };
		898DA9B91CAF927500C9D854 /* BEMLine.h */ = {isa = PBXFileReference; fileEncoding = 4; lastKnownFileType = sourcecode.c.h; path = BEMLine.h; sourceTree = "<group>"; };
		898DA9BA1CAF927500C9D854 /* BEMLine.m */ = {isa = PBXFileReference; fileEncoding = 4; lastKnownFileType = sourcecode.c.objc; path = BEMLine.m; sourceTree = "<group>"; };
		898DA9BB1CAF927500C9D854 /* BEMPermanentPopupView.h */ = {isa = PBXFileReference; fileEncoding = 4; lastKnownFileType = sourcecode.c.h; path = BEMPermanentPopupView.h; sourceTree = "<group>"; };
		898DA9BC1CAF927500C9D854 /* BEMPermanentPopupView.m */ = {isa = PBXFileReference; fileEncoding = 4; lastKnownFileType = sourcecode.c.objc; path = BEMPermanentPopupView.m; sourceTree = "<group>"; };
		898DA9BD1CAF927500C9D854 /* BEMSimpleLineGraphView.h */ = {isa = PBXFileReference; fileEncoding = 4; lastKnownFileType = sourcecode.c.h; path = BEMSimpleLineGraphView.h; sourceTree = "<group>"; };
		898DA9BE1CAF927500C9D854 /* BEMSimpleLineGraphView.m */ = {isa = PBXFileReference; fileEncoding = 4; lastKnownFileType = sourcecode.c.objc; path = BEMSimpleLineGraphView.m; sourceTree = "<group>"; };
		898DA9C51CAF9CBB00C9D854 /* DataDownloader.swift */ = {isa = PBXFileReference; fileEncoding = 4; lastKnownFileType = sourcecode.swift; path = DataDownloader.swift; sourceTree = "<group>"; };
		898DA9C71CAFA18700C9D854 /* Watch.swift */ = {isa = PBXFileReference; fileEncoding = 4; lastKnownFileType = sourcecode.swift; path = Watch.swift; sourceTree = "<group>"; };
		898DA9CA1CAFA37200C9D854 /* WatchTableViewController.swift */ = {isa = PBXFileReference; fileEncoding = 4; lastKnownFileType = sourcecode.swift; path = WatchTableViewController.swift; sourceTree = "<group>"; };
		898DA9CC1CB0451C00C9D854 /* CustomViewController.swift */ = {isa = PBXFileReference; fileEncoding = 4; lastKnownFileType = sourcecode.swift; path = CustomViewController.swift; sourceTree = "<group>"; };
		89C7D5511CAF6E9400441057 /* Model.swift */ = {isa = PBXFileReference; fileEncoding = 4; lastKnownFileType = sourcecode.swift; path = Model.swift; sourceTree = "<group>"; };
		89C7D5541CAF6F2600441057 /* Algorithm.swift */ = {isa = PBXFileReference; fileEncoding = 4; lastKnownFileType = sourcecode.swift; path = Algorithm.swift; sourceTree = "<group>"; };
		89C7D5561CAF70F700441057 /* Algorithm.storyboard */ = {isa = PBXFileReference; fileEncoding = 4; lastKnownFileType = file.storyboard; path = Algorithm.storyboard; sourceTree = "<group>"; };
		89C7D55A1CAF727600441057 /* AlgorithmViewController.swift */ = {isa = PBXFileReference; fileEncoding = 4; lastKnownFileType = sourcecode.swift; path = AlgorithmViewController.swift; sourceTree = "<group>"; };
		89C7D55C1CAF7CB100441057 /* Add.storyboard */ = {isa = PBXFileReference; fileEncoding = 4; lastKnownFileType = file.storyboard; path = Add.storyboard; sourceTree = "<group>"; };
		89C7D55E1CAF7D7E00441057 /* AddViewController.swift */ = {isa = PBXFileReference; fileEncoding = 4; lastKnownFileType = sourcecode.swift; path = AddViewController.swift; sourceTree = "<group>"; };
		89EC06501CAF84C4000CD0E4 /* ParameterCell.swift */ = {isa = PBXFileReference; fileEncoding = 4; lastKnownFileType = sourcecode.swift; path = ParameterCell.swift; sourceTree = "<group>"; };
		89F6F0711CB08CE0001A284F /* SettingsViewController.swift */ = {isa = PBXFileReference; fileEncoding = 4; lastKnownFileType = sourcecode.swift; path = SettingsViewController.swift; sourceTree = "<group>"; };
/* End PBXFileReference section */

/* Begin PBXFrameworksBuildPhase section */
		89829BE11CAF579A00BC28C1 /* Frameworks */ = {
			isa = PBXFrameworksBuildPhase;
			buildActionMask = 2147483647;
			files = (
			);
			runOnlyForDeploymentPostprocessing = 0;
		};
		89829BF81CAF579B00BC28C1 /* Frameworks */ = {
			isa = PBXFrameworksBuildPhase;
			buildActionMask = 2147483647;
			files = (
			);
			runOnlyForDeploymentPostprocessing = 0;
		};
		89829C031CAF579B00BC28C1 /* Frameworks */ = {
			isa = PBXFrameworksBuildPhase;
			buildActionMask = 2147483647;
			files = (
			);
			runOnlyForDeploymentPostprocessing = 0;
		};
/* End PBXFrameworksBuildPhase section */

/* Begin PBXGroup section */
		893146D91CAF6A69001A2B44 /* Storyboards */ = {
			isa = PBXGroup;
			children = (
				89C7D55C1CAF7CB100441057 /* Add.storyboard */,
				89829BEB1CAF579A00BC28C1 /* Main.storyboard */,
				89C7D5561CAF70F700441057 /* Algorithm.storyboard */,
				89829BF31CAF579B00BC28C1 /* LaunchScreen.storyboard */,
			);
			name = Storyboards;
			sourceTree = "<group>";
		};
		893146DA1CAF6A6F001A2B44 /* ViewControllers */ = {
			isa = PBXGroup;
			children = (
				891CE7D81CB0BAA20010ED9C /* LoadingViewController.swift */,
				89299E3B1CB05C7300DCDD3F /* AddWatchTableViewController.swift */,
				893146DC1CAF6BA1001A2B44 /* AlgorithmsTableViewController.swift */,
				898DA9CA1CAFA37200C9D854 /* WatchTableViewController.swift */,
				89C7D55E1CAF7D7E00441057 /* AddViewController.swift */,
				89C7D55A1CAF727600441057 /* AlgorithmViewController.swift */,
				893146DE1CAF6C11001A2B44 /* AlgorithmsNavigationController.swift */,
				89F6F0711CB08CE0001A284F /* SettingsViewController.swift */,
				898DA9CC1CB0451C00C9D854 /* CustomViewController.swift */,
			);
			name = ViewControllers;
			sourceTree = "<group>";
		};
		893146DB1CAF6A88001A2B44 /* SupportingFiles */ = {
			isa = PBXGroup;
			children = (
				89829BE71CAF579A00BC28C1 /* AppDelegate.swift */,
				89C7D5541CAF6F2600441057 /* Algorithm.swift */,
				898DA9C71CAFA18700C9D854 /* Watch.swift */,
				89C7D5511CAF6E9400441057 /* Model.swift */,
				89EC06501CAF84C4000CD0E4 /* ParameterCell.swift */,
				898DA9AD1CAF8AE100C9D854 /* Parameter.swift */,
				898DA9C51CAF9CBB00C9D854 /* DataDownloader.swift */,
			);
			name = SupportingFiles;
			sourceTree = "<group>";
		};
		89829BDB1CAF579A00BC28C1 = {
			isa = PBXGroup;
			children = (
				898DA9C41CAF928A00C9D854 /* BEM(Objective-C) */,
				89829BE61CAF579A00BC28C1 /* stockTalk */,
				89829BFE1CAF579B00BC28C1 /* cornStockTests */,
				89829C091CAF579B00BC28C1 /* cornStockUITests */,
				89829BE51CAF579A00BC28C1 /* Products */,
				898DA9B41CAF927400C9D854 /* stockTalk-Bridging-Header.h */,
			);
			sourceTree = "<group>";
		};
		89829BE51CAF579A00BC28C1 /* Products */ = {
			isa = PBXGroup;
			children = (
				89829BE41CAF579A00BC28C1 /* stockTalk.app */,
				89829BFB1CAF579B00BC28C1 /* stockTalk.xctest */,
				89829C061CAF579B00BC28C1 /* stockTalk.xctest */,
			);
			name = Products;
			sourceTree = "<group>";
		};
		89829BE61CAF579A00BC28C1 /* stockTalk */ = {
			isa = PBXGroup;
			children = (
				893DFBE11CF1806A00FA1398 /* stockTalk.entitlements */,
				893146DB1CAF6A88001A2B44 /* SupportingFiles */,
				893146DA1CAF6A6F001A2B44 /* ViewControllers */,
				893146D91CAF6A69001A2B44 /* Storyboards */,
				89829BF11CAF579B00BC28C1 /* Assets.xcassets */,
				89829BF61CAF579B00BC28C1 /* Info.plist */,
				89829BEE1CAF579A00BC28C1 /* cornStock.xcdatamodeld */,
			);
			name = stockTalk;
			path = cornStock;
			sourceTree = "<group>";
		};
		89829BFE1CAF579B00BC28C1 /* cornStockTests */ = {
			isa = PBXGroup;
			children = (
				89829BFF1CAF579B00BC28C1 /* cornStockTests.swift */,
				89829C011CAF579B00BC28C1 /* Info.plist */,
			);
			path = cornStockTests;
			sourceTree = "<group>";
		};
		89829C091CAF579B00BC28C1 /* cornStockUITests */ = {
			isa = PBXGroup;
			children = (
				89829C0A1CAF579B00BC28C1 /* cornStockUITests.swift */,
				89829C0C1CAF579B00BC28C1 /* Info.plist */,
			);
			path = cornStockUITests;
			sourceTree = "<group>";
		};
		898DA9C41CAF928A00C9D854 /* BEM(Objective-C) */ = {
			isa = PBXGroup;
			children = (
				898DA9B51CAF927500C9D854 /* BEMAverageLine.h */,
				898DA9B61CAF927500C9D854 /* BEMAverageLine.m */,
				898DA9B71CAF927500C9D854 /* BEMCircle.h */,
				898DA9B81CAF927500C9D854 /* BEMCircle.m */,
				898DA9B91CAF927500C9D854 /* BEMLine.h */,
				898DA9BA1CAF927500C9D854 /* BEMLine.m */,
				898DA9BB1CAF927500C9D854 /* BEMPermanentPopupView.h */,
				898DA9BC1CAF927500C9D854 /* BEMPermanentPopupView.m */,
				898DA9BD1CAF927500C9D854 /* BEMSimpleLineGraphView.h */,
				898DA9BE1CAF927500C9D854 /* BEMSimpleLineGraphView.m */,
			);
			name = "BEM(Objective-C)";
			sourceTree = "<group>";
		};
/* End PBXGroup section */

/* Begin PBXNativeTarget section */
		89829BE31CAF579A00BC28C1 /* stockTalk */ = {
			isa = PBXNativeTarget;
			buildConfigurationList = 89829C0F1CAF579B00BC28C1 /* Build configuration list for PBXNativeTarget "stockTalk" */;
			buildPhases = (
				89829BE01CAF579A00BC28C1 /* Sources */,
				89829BE11CAF579A00BC28C1 /* Frameworks */,
				89829BE21CAF579A00BC28C1 /* Resources */,
			);
			buildRules = (
			);
			dependencies = (
			);
			name = stockTalk;
			productName = cornStock;
			productReference = 89829BE41CAF579A00BC28C1 /* stockTalk.app */;
			productType = "com.apple.product-type.application";
		};
		89829BFA1CAF579B00BC28C1 /* stockTalkTests */ = {
			isa = PBXNativeTarget;
			buildConfigurationList = 89829C121CAF579B00BC28C1 /* Build configuration list for PBXNativeTarget "stockTalkTests" */;
			buildPhases = (
				89829BF71CAF579B00BC28C1 /* Sources */,
				89829BF81CAF579B00BC28C1 /* Frameworks */,
				89829BF91CAF579B00BC28C1 /* Resources */,
			);
			buildRules = (
			);
			dependencies = (
				89829BFD1CAF579B00BC28C1 /* PBXTargetDependency */,
			);
			name = stockTalkTests;
			productName = cornStockTests;
			productReference = 89829BFB1CAF579B00BC28C1 /* stockTalk.xctest */;
			productType = "com.apple.product-type.bundle.unit-test";
		};
		89829C051CAF579B00BC28C1 /* stockTalkUITests */ = {
			isa = PBXNativeTarget;
			buildConfigurationList = 89829C151CAF579B00BC28C1 /* Build configuration list for PBXNativeTarget "stockTalkUITests" */;
			buildPhases = (
				89829C021CAF579B00BC28C1 /* Sources */,
				89829C031CAF579B00BC28C1 /* Frameworks */,
				89829C041CAF579B00BC28C1 /* Resources */,
			);
			buildRules = (
			);
			dependencies = (
				89829C081CAF579B00BC28C1 /* PBXTargetDependency */,
			);
			name = stockTalkUITests;
			productName = cornStockUITests;
			productReference = 89829C061CAF579B00BC28C1 /* stockTalk.xctest */;
			productType = "com.apple.product-type.bundle.ui-testing";
		};
/* End PBXNativeTarget section */

/* Begin PBXProject section */
		89829BDC1CAF579A00BC28C1 /* Project object */ = {
			isa = PBXProject;
			attributes = {
				LastSwiftUpdateCheck = 0730;
				LastUpgradeCheck = 0730;
				ORGANIZATIONNAME = "Jared Weinstein";
				TargetAttributes = {
					89829BE31CAF579A00BC28C1 = {
						CreatedOnToolsVersion = 7.3;
						DevelopmentTeam = D2M88ZR8F9;
						SystemCapabilities = {
							com.apple.GameCenter = {
								enabled = 0;
							};
							com.apple.Push = {
								enabled = 1;
							};
							com.apple.iCloud = {
								enabled = 0;
							};
						};
					};
					89829BFA1CAF579B00BC28C1 = {
						CreatedOnToolsVersion = 7.3;
						TestTargetID = 89829BE31CAF579A00BC28C1;
					};
					89829C051CAF579B00BC28C1 = {
						CreatedOnToolsVersion = 7.3;
						TestTargetID = 89829BE31CAF579A00BC28C1;
					};
				};
			};
			buildConfigurationList = 89829BDF1CAF579A00BC28C1 /* Build configuration list for PBXProject "stockTalk" */;
			compatibilityVersion = "Xcode 3.2";
			developmentRegion = English;
			hasScannedForEncodings = 0;
			knownRegions = (
				en,
				Base,
			);
			mainGroup = 89829BDB1CAF579A00BC28C1;
			productRefGroup = 89829BE51CAF579A00BC28C1 /* Products */;
			projectDirPath = "";
			projectRoot = "";
			targets = (
				89829BE31CAF579A00BC28C1 /* stockTalk */,
				89829BFA1CAF579B00BC28C1 /* stockTalkTests */,
				89829C051CAF579B00BC28C1 /* stockTalkUITests */,
			);
		};
/* End PBXProject section */

/* Begin PBXResourcesBuildPhase section */
		89829BE21CAF579A00BC28C1 /* Resources */ = {
			isa = PBXResourcesBuildPhase;
			buildActionMask = 2147483647;
			files = (
				89829BF51CAF579B00BC28C1 /* LaunchScreen.storyboard in Resources */,
				89829BF21CAF579B00BC28C1 /* Assets.xcassets in Resources */,
				89C7D55D1CAF7CB100441057 /* Add.storyboard in Resources */,
				89C7D5571CAF70F700441057 /* Algorithm.storyboard in Resources */,
				89829BED1CAF579A00BC28C1 /* Main.storyboard in Resources */,
			);
			runOnlyForDeploymentPostprocessing = 0;
		};
		89829BF91CAF579B00BC28C1 /* Resources */ = {
			isa = PBXResourcesBuildPhase;
			buildActionMask = 2147483647;
			files = (
			);
			runOnlyForDeploymentPostprocessing = 0;
		};
		89829C041CAF579B00BC28C1 /* Resources */ = {
			isa = PBXResourcesBuildPhase;
			buildActionMask = 2147483647;
			files = (
			);
			runOnlyForDeploymentPostprocessing = 0;
		};
/* End PBXResourcesBuildPhase section */

/* Begin PBXSourcesBuildPhase section */
		89829BE01CAF579A00BC28C1 /* Sources */ = {
			isa = PBXSourcesBuildPhase;
			buildActionMask = 2147483647;
			files = (
				89C7D5551CAF6F2600441057 /* Algorithm.swift in Sources */,
				898DA9C61CAF9CBB00C9D854 /* DataDownloader.swift in Sources */,
				89F6F0721CB08CE0001A284F /* SettingsViewController.swift in Sources */,
				89C7D55F1CAF7D7E00441057 /* AddViewController.swift in Sources */,
				898DA9C21CAF927500C9D854 /* BEMPermanentPopupView.m in Sources */,
				89829BF01CAF579A00BC28C1 /* cornStock.xcdatamodeld in Sources */,
				898DA9C11CAF927500C9D854 /* BEMLine.m in Sources */,
				898DA9C81CAFA18700C9D854 /* Watch.swift in Sources */,
				898DA9C31CAF927500C9D854 /* BEMSimpleLineGraphView.m in Sources */,
				89829BE81CAF579A00BC28C1 /* AppDelegate.swift in Sources */,
				898DA9C01CAF927500C9D854 /* BEMCircle.m in Sources */,
				89299E3C1CB05C7300DCDD3F /* AddWatchTableViewController.swift in Sources */,
				89C7D5521CAF6E9400441057 /* Model.swift in Sources */,
				893146DF1CAF6C11001A2B44 /* AlgorithmsNavigationController.swift in Sources */,
				898DA9CD1CB0451C00C9D854 /* CustomViewController.swift in Sources */,
				89C7D55B1CAF727600441057 /* AlgorithmViewController.swift in Sources */,
				893146DD1CAF6BA1001A2B44 /* AlgorithmsTableViewController.swift in Sources */,
				898DA9AE1CAF8AE100C9D854 /* Parameter.swift in Sources */,
				898DA9BF1CAF927500C9D854 /* BEMAverageLine.m in Sources */,
				891CE7D91CB0BAA20010ED9C /* LoadingViewController.swift in Sources */,
				898DA9CB1CAFA37200C9D854 /* WatchTableViewController.swift in Sources */,
				89EC06511CAF84C4000CD0E4 /* ParameterCell.swift in Sources */,
			);
			runOnlyForDeploymentPostprocessing = 0;
		};
		89829BF71CAF579B00BC28C1 /* Sources */ = {
			isa = PBXSourcesBuildPhase;
			buildActionMask = 2147483647;
			files = (
				89829C001CAF579B00BC28C1 /* cornStockTests.swift in Sources */,
			);
			runOnlyForDeploymentPostprocessing = 0;
		};
		89829C021CAF579B00BC28C1 /* Sources */ = {
			isa = PBXSourcesBuildPhase;
			buildActionMask = 2147483647;
			files = (
				89829C0B1CAF579B00BC28C1 /* cornStockUITests.swift in Sources */,
			);
			runOnlyForDeploymentPostprocessing = 0;
		};
/* End PBXSourcesBuildPhase section */

/* Begin PBXTargetDependency section */
		89829BFD1CAF579B00BC28C1 /* PBXTargetDependency */ = {
			isa = PBXTargetDependency;
			target = 89829BE31CAF579A00BC28C1 /* stockTalk */;
			targetProxy = 89829BFC1CAF579B00BC28C1 /* PBXContainerItemProxy */;
		};
		89829C081CAF579B00BC28C1 /* PBXTargetDependency */ = {
			isa = PBXTargetDependency;
			target = 89829BE31CAF579A00BC28C1 /* stockTalk */;
			targetProxy = 89829C071CAF579B00BC28C1 /* PBXContainerItemProxy */;
		};
/* End PBXTargetDependency section */

/* Begin PBXVariantGroup section */
		89829BEB1CAF579A00BC28C1 /* Main.storyboard */ = {
			isa = PBXVariantGroup;
			children = (
				89829BEC1CAF579A00BC28C1 /* Base */,
			);
			name = Main.storyboard;
			sourceTree = "<group>";
		};
		89829BF31CAF579B00BC28C1 /* LaunchScreen.storyboard */ = {
			isa = PBXVariantGroup;
			children = (
				89829BF41CAF579B00BC28C1 /* Base */,
			);
			name = LaunchScreen.storyboard;
			sourceTree = "<group>";
		};
/* End PBXVariantGroup section */

/* Begin XCBuildConfiguration section */
		89829C0D1CAF579B00BC28C1 /* Debug */ = {
			isa = XCBuildConfiguration;
			buildSettings = {
				ALWAYS_SEARCH_USER_PATHS = NO;
				CLANG_ANALYZER_NONNULL = YES;
				CLANG_CXX_LANGUAGE_STANDARD = "gnu++0x";
				CLANG_CXX_LIBRARY = "libc++";
				CLANG_ENABLE_MODULES = YES;
				CLANG_ENABLE_OBJC_ARC = YES;
				CLANG_WARN_BOOL_CONVERSION = YES;
				CLANG_WARN_CONSTANT_CONVERSION = YES;
				CLANG_WARN_DIRECT_OBJC_ISA_USAGE = YES_ERROR;
				CLANG_WARN_EMPTY_BODY = YES;
				CLANG_WARN_ENUM_CONVERSION = YES;
				CLANG_WARN_INT_CONVERSION = YES;
				CLANG_WARN_OBJC_ROOT_CLASS = YES_ERROR;
				CLANG_WARN_UNREACHABLE_CODE = YES;
				CLANG_WARN__DUPLICATE_METHOD_MATCH = YES;
				"CODE_SIGN_IDENTITY[sdk=iphoneos*]" = "iPhone Developer";
				COPY_PHASE_STRIP = NO;
				DEBUG_INFORMATION_FORMAT = dwarf;
				ENABLE_STRICT_OBJC_MSGSEND = YES;
				ENABLE_TESTABILITY = YES;
				GCC_C_LANGUAGE_STANDARD = gnu99;
				GCC_DYNAMIC_NO_PIC = NO;
				GCC_NO_COMMON_BLOCKS = YES;
				GCC_OPTIMIZATION_LEVEL = 0;
				GCC_PREPROCESSOR_DEFINITIONS = (
					"DEBUG=1",
					"$(inherited)",
				);
				GCC_WARN_64_TO_32_BIT_CONVERSION = YES;
				GCC_WARN_ABOUT_RETURN_TYPE = YES_ERROR;
				GCC_WARN_UNDECLARED_SELECTOR = YES;
				GCC_WARN_UNINITIALIZED_AUTOS = YES_AGGRESSIVE;
				GCC_WARN_UNUSED_FUNCTION = YES;
				GCC_WARN_UNUSED_VARIABLE = YES;
				IPHONEOS_DEPLOYMENT_TARGET = 9.3;
				MTL_ENABLE_DEBUG_INFO = YES;
				ONLY_ACTIVE_ARCH = YES;
				SDKROOT = iphoneos;
				SWIFT_OPTIMIZATION_LEVEL = "-Onone";
			};
			name = Debug;
		};
		89829C0E1CAF579B00BC28C1 /* Release */ = {
			isa = XCBuildConfiguration;
			buildSettings = {
				ALWAYS_SEARCH_USER_PATHS = NO;
				CLANG_ANALYZER_NONNULL = YES;
				CLANG_CXX_LANGUAGE_STANDARD = "gnu++0x";
				CLANG_CXX_LIBRARY = "libc++";
				CLANG_ENABLE_MODULES = YES;
				CLANG_ENABLE_OBJC_ARC = YES;
				CLANG_WARN_BOOL_CONVERSION = YES;
				CLANG_WARN_CONSTANT_CONVERSION = YES;
				CLANG_WARN_DIRECT_OBJC_ISA_USAGE = YES_ERROR;
				CLANG_WARN_EMPTY_BODY = YES;
				CLANG_WARN_ENUM_CONVERSION = YES;
				CLANG_WARN_INT_CONVERSION = YES;
				CLANG_WARN_OBJC_ROOT_CLASS = YES_ERROR;
				CLANG_WARN_UNREACHABLE_CODE = YES;
				CLANG_WARN__DUPLICATE_METHOD_MATCH = YES;
				"CODE_SIGN_IDENTITY[sdk=iphoneos*]" = "iPhone Developer";
				COPY_PHASE_STRIP = NO;
				DEBUG_INFORMATION_FORMAT = "dwarf-with-dsym";
				ENABLE_NS_ASSERTIONS = NO;
				ENABLE_STRICT_OBJC_MSGSEND = YES;
				GCC_C_LANGUAGE_STANDARD = gnu99;
				GCC_NO_COMMON_BLOCKS = YES;
				GCC_WARN_64_TO_32_BIT_CONVERSION = YES;
				GCC_WARN_ABOUT_RETURN_TYPE = YES_ERROR;
				GCC_WARN_UNDECLARED_SELECTOR = YES;
				GCC_WARN_UNINITIALIZED_AUTOS = YES_AGGRESSIVE;
				GCC_WARN_UNUSED_FUNCTION = YES;
				GCC_WARN_UNUSED_VARIABLE = YES;
				IPHONEOS_DEPLOYMENT_TARGET = 9.3;
				MTL_ENABLE_DEBUG_INFO = NO;
				SDKROOT = iphoneos;
				VALIDATE_PRODUCT = YES;
			};
			name = Release;
		};
		89829C101CAF579B00BC28C1 /* Debug */ = {
			isa = XCBuildConfiguration;
			buildSettings = {
				ASSETCATALOG_COMPILER_APPICON_NAME = AppIcon;
				CLANG_ENABLE_MODULES = YES;
				CODE_SIGN_ENTITLEMENTS = stockTalk.entitlements;
				INFOPLIST_FILE = cornStock/Info.plist;
				LD_RUNPATH_SEARCH_PATHS = "$(inherited) @executable_path/Frameworks";
				PRODUCT_BUNDLE_IDENTIFIER = com.jaredweinstein.stockTalk;
				PRODUCT_NAME = stockTalk;
				SWIFT_OBJC_BRIDGING_HEADER = "stockTalk-Bridging-Header.h";
				SWIFT_OPTIMIZATION_LEVEL = "-Onone";
			};
			name = Debug;
		};
		89829C111CAF579B00BC28C1 /* Release */ = {
			isa = XCBuildConfiguration;
			buildSettings = {
				ASSETCATALOG_COMPILER_APPICON_NAME = AppIcon;
				CLANG_ENABLE_MODULES = YES;
				CODE_SIGN_ENTITLEMENTS = stockTalk.entitlements;
				INFOPLIST_FILE = cornStock/Info.plist;
				LD_RUNPATH_SEARCH_PATHS = "$(inherited) @executable_path/Frameworks";
				PRODUCT_BUNDLE_IDENTIFIER = com.jaredweinstein.stockTalk;
				PRODUCT_NAME = stockTalk;
				SWIFT_OBJC_BRIDGING_HEADER = "stockTalk-Bridging-Header.h";
			};
			name = Release;
		};
		89829C131CAF579B00BC28C1 /* Debug */ = {
			isa = XCBuildConfiguration;
			buildSettings = {
				BUNDLE_LOADER = "$(TEST_HOST)";
				INFOPLIST_FILE = cornStockTests/Info.plist;
				LD_RUNPATH_SEARCH_PATHS = "$(inherited) @executable_path/Frameworks @loader_path/Frameworks";
				PRODUCT_BUNDLE_IDENTIFIER = com.jaredweinstein.cornStockTests;
				PRODUCT_NAME = stockTalk;
				TEST_HOST = "$(BUILT_PRODUCTS_DIR)/stockTalk.app/stockTalk";
			};
			name = Debug;
		};
		89829C141CAF579B00BC28C1 /* Release */ = {
			isa = XCBuildConfiguration;
			buildSettings = {
				BUNDLE_LOADER = "$(TEST_HOST)";
				INFOPLIST_FILE = cornStockTests/Info.plist;
				LD_RUNPATH_SEARCH_PATHS = "$(inherited) @executable_path/Frameworks @loader_path/Frameworks";
				PRODUCT_BUNDLE_IDENTIFIER = com.jaredweinstein.cornStockTests;
				PRODUCT_NAME = stockTalk;
				TEST_HOST = "$(BUILT_PRODUCTS_DIR)/stockTalk.app/stockTalk";
			};
			name = Release;
		};
		89829C161CAF579B00BC28C1 /* Debug */ = {
			isa = XCBuildConfiguration;
			buildSettings = {
				INFOPLIST_FILE = cornStockUITests/Info.plist;
				LD_RUNPATH_SEARCH_PATHS = "$(inherited) @executable_path/Frameworks @loader_path/Frameworks";
				PRODUCT_BUNDLE_IDENTIFIER = com.jaredweinstein.cornStockUITests;
				PRODUCT_NAME = stockTalk;
				TEST_TARGET_NAME = cornStock;
			};
			name = Debug;
		};
		89829C171CAF579B00BC28C1 /* Release */ = {
			isa = XCBuildConfiguration;
			buildSettings = {
				INFOPLIST_FILE = cornStockUITests/Info.plist;
				LD_RUNPATH_SEARCH_PATHS = "$(inherited) @executable_path/Frameworks @loader_path/Frameworks";
				PRODUCT_BUNDLE_IDENTIFIER = com.jaredweinstein.cornStockUITests;
				PRODUCT_NAME = stockTalk;
				TEST_TARGET_NAME = cornStock;
			};
			name = Release;
		};
/* End XCBuildConfiguration section */

/* Begin XCConfigurationList section */
		89829BDF1CAF579A00BC28C1 /* Build configuration list for PBXProject "stockTalk" */ = {
			isa = XCConfigurationList;
			buildConfigurations = (
				89829C0D1CAF579B00BC28C1 /* Debug */,
				89829C0E1CAF579B00BC28C1 /* Release */,
			);
			defaultConfigurationIsVisible = 0;
			defaultConfigurationName = Release;
		};
		89829C0F1CAF579B00BC28C1 /* Build configuration list for PBXNativeTarget "stockTalk" */ = {
			isa = XCConfigurationList;
			buildConfigurations = (
				89829C101CAF579B00BC28C1 /* Debug */,
				89829C111CAF579B00BC28C1 /* Release */,
			);
			defaultConfigurationIsVisible = 0;
			defaultConfigurationName = Release;
		};
		89829C121CAF579B00BC28C1 /* Build configuration list for PBXNativeTarget "stockTalkTests" */ = {
			isa = XCConfigurationList;
			buildConfigurations = (
				89829C131CAF579B00BC28C1 /* Debug */,
				89829C141CAF579B00BC28C1 /* Release */,
			);
			defaultConfigurationIsVisible = 0;
			defaultConfigurationName = Release;
		};
		89829C151CAF579B00BC28C1 /* Build configuration list for PBXNativeTarget "stockTalkUITests" */ = {
			isa = XCConfigurationList;
			buildConfigurations = (
				89829C161CAF579B00BC28C1 /* Debug */,
				89829C171CAF579B00BC28C1 /* Release */,
			);
			defaultConfigurationIsVisible = 0;
			defaultConfigurationName = Release;
		};
/* End XCConfigurationList section */

/* Begin XCVersionGroup section */
		89829BEE1CAF579A00BC28C1 /* cornStock.xcdatamodeld */ = {
			isa = XCVersionGroup;
			children = (
				89829BEF1CAF579A00BC28C1 /* cornStock.xcdatamodel */,
			);
			currentVersion = 89829BEF1CAF579A00BC28C1 /* cornStock.xcdatamodel */;
			path = cornStock.xcdatamodeld;
			sourceTree = "<group>";
			versionGroupType = wrapper.xcdatamodel;
		};
/* End XCVersionGroup section */
	};
	rootObject = 89829BDC1CAF579A00BC28C1 /* Project object */;
}
